
Microsoft Visual Studio Solution File, Format Version 12.00
# Visual Studio 14
VisualStudioVersion = 14.0.22609.0
MinimumVisualStudioVersion = 10.0.40219.1
Project("{FAE04EC0-301F-11D3-BF4B-00C04F79EFBC}") = "CodeContractor", "CodeContractor\CodeContractor.csproj", "{E9B3A495-7AF2-40DE-8759-4CB94B60F0C1}"
EndProject
Project("{FAE04EC0-301F-11D3-BF4B-00C04F79EFBC}") = "CodeContractor.Vsix", "CodeContractor.Vsix\CodeContractor.Vsix.csproj", "{099B4636-C850-4FEE-B404-5BE3440CBB93}"
EndProject
Project("{FAE04EC0-301F-11D3-BF4B-00C04F79EFBC}") = "CodeContractor.UnitTests", "CodeContractor.UnitTests\CodeContractor.UnitTests.csproj", "{C0781D78-6019-44E7-9AFA-B8F76D6D0E0F}"
EndProject
Global
	GlobalSection(SolutionConfigurationPlatforms) = preSolution
		Debug|Any CPU = Debug|Any CPU
		Debug|x86 = Debug|x86
		Release|Any CPU = Release|Any CPU
		Release|x86 = Release|x86
	EndGlobalSection
	GlobalSection(ProjectConfigurationPlatforms) = postSolution
		{E9B3A495-7AF2-40DE-8759-4CB94B60F0C1}.Debug|Any CPU.ActiveCfg = Debug|Any CPU
		{E9B3A495-7AF2-40DE-8759-4CB94B60F0C1}.Debug|Any CPU.Build.0 = Debug|Any CPU
		{E9B3A495-7AF2-40DE-8759-4CB94B60F0C1}.Debug|x86.ActiveCfg = Debug|Any CPU
		{E9B3A495-7AF2-40DE-8759-4CB94B60F0C1}.Debug|x86.Build.0 = Debug|Any CPU
		{E9B3A495-7AF2-40DE-8759-4CB94B60F0C1}.Release|Any CPU.ActiveCfg = Release|Any CPU
		{E9B3A495-7AF2-40DE-8759-4CB94B60F0C1}.Release|Any CPU.Build.0 = Release|Any CPU
		{E9B3A495-7AF2-40DE-8759-4CB94B60F0C1}.Release|x86.ActiveCfg = Release|Any CPU
		{E9B3A495-7AF2-40DE-8759-4CB94B60F0C1}.Release|x86.Build.0 = Release|Any CPU
		{099B4636-C850-4FEE-B404-5BE3440CBB93}.Debug|Any CPU.ActiveCfg = Debug|Any CPU
		{099B4636-C850-4FEE-B404-5BE3440CBB93}.Debug|Any CPU.Build.0 = Debug|Any CPU
		{099B4636-C850-4FEE-B404-5BE3440CBB93}.Debug|x86.ActiveCfg = Debug|Any CPU
		{099B4636-C850-4FEE-B404-5BE3440CBB93}.Debug|x86.Build.0 = Debug|Any CPU
		{099B4636-C850-4FEE-B404-5BE3440CBB93}.Release|Any CPU.ActiveCfg = Release|Any CPU
		{099B4636-C850-4FEE-B404-5BE3440CBB93}.Release|Any CPU.Build.0 = Release|Any CPU
		{099B4636-C850-4FEE-B404-5BE3440CBB93}.Release|x86.ActiveCfg = Release|Any CPU
		{099B4636-C850-4FEE-B404-5BE3440CBB93}.Release|x86.Build.0 = Release|Any CPU
		{C0781D78-6019-44E7-9AFA-B8F76D6D0E0F}.Debug|Any CPU.ActiveCfg = Debug|x86
		{C0781D78-6019-44E7-9AFA-B8F76D6D0E0F}.Debug|Any CPU.Build.0 = Debug|x86
		{C0781D78-6019-44E7-9AFA-B8F76D6D0E0F}.Debug|x86.ActiveCfg = Debug|x86
		{C0781D78-6019-44E7-9AFA-B8F76D6D0E0F}.Debug|x86.Build.0 = Debug|x86
		{C0781D78-6019-44E7-9AFA-B8F76D6D0E0F}.Release|Any CPU.ActiveCfg = Release|x86
		{C0781D78-6019-44E7-9AFA-B8F76D6D0E0F}.Release|x86.ActiveCfg = Release|x86
		{C0781D78-6019-44E7-9AFA-B8F76D6D0E0F}.Release|x86.Build.0 = Release|x86
	EndGlobalSection
	GlobalSection(SolutionProperties) = preSolution
		HideSolutionNode = FALSE
	EndGlobalSection
EndGlobal
